{
	"name": "@expandorg/modules",
	"version": "0.2.46",
	"lockfileVersion": 1,
	"requires": true,
	"dependencies": {
		"debounce": {
			"version": "1.2.0",
			"resolved": "https://registry.npmjs.org/debounce/-/debounce-1.2.0.tgz",
			"integrity": "sha512-mYtLl1xfZLi1m4RtQYlZgJUNQjl4ZxVnHzIR8nLLgi4q1YT8o/WM+MK/f8yfcc9s5Ir5zRaPZyZU6xs1Syoocg=="
		},
		"deepmerge": {
			"version": "3.1.0",
			"resolved": "https://registry.npmjs.org/deepmerge/-/deepmerge-3.1.0.tgz",
			"integrity": "sha512-/TnecbwXEdycfbsM2++O3eGiatEFHjjNciHEwJclM+T5Kd94qD1AP+2elP/Mq0L5b9VZJao5znR01Mz6eX8Seg=="
		},
		"load-script": {
			"version": "1.0.0",
			"resolved": "https://registry.npmjs.org/load-script/-/load-script-1.0.0.tgz",
			"integrity": "sha1-BJGTngvuVkPuSUp+PaPSuscMbKQ="
		},
		"object-assign": {
			"version": "4.1.1",
			"resolved": "https://registry.npmjs.org/object-assign/-/object-assign-4.1.1.tgz",
			"integrity": "sha1-IQmtx5ZYh8/AXLvUQsrIv7s2CGM="
		},
		"prop-types": {
			"version": "15.7.0",
			"resolved": "https://registry.npmjs.org/prop-types/-/prop-types-15.7.0.tgz",
			"integrity": "sha512-rlfizAIb1WrkMkbFm3uk7cZGqeVPOhHHMj3gy9FUHE+Ha5lKvbIzj9ygvLdG8Cv2CQEhQnP5djXS7pbmTOpBqw==",
			"requires": {
				"object-assign": "^4.1.1",
				"react-is": "^16.8.1"
			}
		},
		"react-is": {
			"version": "16.8.1",
			"resolved": "https://registry.npmjs.org/react-is/-/react-is-16.8.1.tgz",
			"integrity": "sha512-ioMCzVDWvCvKD8eeT+iukyWrBGrA3DiFYkXfBsVYIRdaREZuBjENG+KjrikavCLasozqRWTwFUagU/O4vPpRMA=="
		},
		"react-player": {
			"version": "1.9.3",
			"resolved": "https://registry.npmjs.org/react-player/-/react-player-1.9.3.tgz",
			"integrity": "sha512-EruSLtMcnTrwy9F99hG1dAVVSg0ZNQDB4Df6CnKLkFcCppOCZrQAPq+abZOcuXun7VRaXPGpkOqhLCdiLfZZfw==",
			"requires": {
				"deepmerge": "^3.0.0",
				"load-script": "^1.0.0",
				"prop-types": "^15.5.6"
			}
		}
	}
}
