{
	"name": "@gemsorg/modules",
	"version": "0.1.31",
	"lockfileVersion": 1,
	"requires": true,
	"dependencies": {
		"@gemsorg/components": {
			"version": "0.1.12",
			"resolved": "https://registry.npmjs.org/@gemsorg/components/-/components-0.1.12.tgz",
			"integrity": "sha512-D6SnJbKBpHcx641c1zKEA6WDto2NLApgNpM2KDoAgSL/r931Uv5b6P79cQF9+AG1hNtK47WyPSGwhSNDpd87LA==",
			"requires": {
				"@gemsorg/uikit": "^0.1.2",
				"clipboard": "^2.0.4",
				"date-fns": "^1.30.1",
				"debounce": "^1.2.0",
				"react-modal": "^3.8.1"
			}
		},
		"@gemsorg/uikit": {
			"version": "0.1.2",
			"resolved": "https://registry.npmjs.org/@gemsorg/uikit/-/uikit-0.1.2.tgz",
			"integrity": "sha512-3WJhF4C8urJ51/yuMc4YrvaY94c7E7X64Jp9/v0ujUje3CFAVxvvODMhCmZLMxJCUI7WB85tOvt2UYYiki0Zfg=="
		},
		"@gemsorg/validation": {
			"version": "0.1.3",
			"resolved": "https://registry.npmjs.org/@gemsorg/validation/-/validation-0.1.3.tgz",
			"integrity": "sha512-W8J6W68IMakAMt1ZNDVcKO+t6ifHlIboxdVN6t2Wa2yZIQJm6GWqjvVLWX8U1IKzeAZUJrszCvKaeSRyCoH2EQ==",
			"requires": {
				"validator": "^10.9.0"
			}
		},
		"clipboard": {
			"version": "2.0.4",
			"resolved": "https://registry.npmjs.org/clipboard/-/clipboard-2.0.4.tgz",
			"integrity": "sha512-Vw26VSLRpJfBofiVaFb/I8PVfdI1OxKcYShe6fm0sP/DtmiWQNCjhM/okTvdCo0G+lMMm1rMYbk4IK4x1X+kgQ==",
			"requires": {
				"good-listener": "^1.2.2",
				"select": "^1.1.2",
				"tiny-emitter": "^2.0.0"
			}
		},
		"date-fns": {
			"version": "1.30.1",
			"resolved": "https://registry.npmjs.org/date-fns/-/date-fns-1.30.1.tgz",
			"integrity": "sha512-hBSVCvSmWC+QypYObzwGOd9wqdDpOt+0wl0KbU+R+uuZBS1jN8VsD1ss3irQDknRj5NvxiTF6oj/nDRnN/UQNw=="
		},
		"debounce": {
			"version": "1.2.0",
			"resolved": "https://registry.npmjs.org/debounce/-/debounce-1.2.0.tgz",
			"integrity": "sha512-mYtLl1xfZLi1m4RtQYlZgJUNQjl4ZxVnHzIR8nLLgi4q1YT8o/WM+MK/f8yfcc9s5Ir5zRaPZyZU6xs1Syoocg=="
		},
		"deepmerge": {
			"version": "2.2.1",
			"resolved": "https://registry.npmjs.org/deepmerge/-/deepmerge-2.2.1.tgz",
			"integrity": "sha512-R9hc1Xa/NOBi9WRVUWg19rl1UB7Tt4kuPd+thNJgFZoxXsTz7ncaPaeIm+40oSGuP33DfMb4sZt1QIGiJzC4EA=="
		},
		"delegate": {
			"version": "3.2.0",
			"resolved": "https://registry.npmjs.org/delegate/-/delegate-3.2.0.tgz",
			"integrity": "sha512-IofjkYBZaZivn0V8nnsMJGBr4jVLxHDheKSW88PyxS5QC4Vo9ZbZVvhzlSxY87fVq3STR6r+4cGepyHkcWOQSw=="
		},
		"exenv": {
			"version": "1.2.2",
			"resolved": "https://registry.npmjs.org/exenv/-/exenv-1.2.2.tgz",
			"integrity": "sha1-KueOhdmJQVhnCwPUe+wfA72Ru50="
		},
		"good-listener": {
			"version": "1.2.2",
			"resolved": "https://registry.npmjs.org/good-listener/-/good-listener-1.2.2.tgz",
			"integrity": "sha1-1TswzfkxPf+33JoNR3CWqm0UXFA=",
			"requires": {
				"delegate": "^3.1.2"
			}
		},
		"js-tokens": {
			"version": "4.0.0",
			"resolved": "https://registry.npmjs.org/js-tokens/-/js-tokens-4.0.0.tgz",
			"integrity": "sha512-RdJUflcE3cUzKiMqQgsCu06FPu9UdIJO0beYbPhHN4k6apgJtifcoCtT9bcxOpYBtpD2kCM6Sbzg4CausW/PKQ=="
		},
		"load-script": {
			"version": "1.0.0",
			"resolved": "https://registry.npmjs.org/load-script/-/load-script-1.0.0.tgz",
			"integrity": "sha1-BJGTngvuVkPuSUp+PaPSuscMbKQ="
		},
		"loose-envify": {
			"version": "1.4.0",
			"resolved": "https://registry.npmjs.org/loose-envify/-/loose-envify-1.4.0.tgz",
			"integrity": "sha512-lyuxPGr/Wfhrlem2CL/UcnUc1zcqKAImBDzukY7Y5F/yQiNdko6+fRLevlw1HgMySw7f611UIY408EtxRSoK3Q==",
			"requires": {
				"js-tokens": "^3.0.0 || ^4.0.0"
			}
		},
		"object-assign": {
			"version": "4.1.1",
			"resolved": "https://registry.npmjs.org/object-assign/-/object-assign-4.1.1.tgz",
			"integrity": "sha1-IQmtx5ZYh8/AXLvUQsrIv7s2CGM="
		},
		"prop-types": {
			"version": "15.6.2",
			"resolved": "https://registry.npmjs.org/prop-types/-/prop-types-15.6.2.tgz",
			"integrity": "sha512-3pboPvLiWD7dkI3qf3KbUe6hKFKa52w+AE0VCqECtf+QHAKgOL37tTaNCnuX1nAAQ4ZhyP+kYVKf8rLmJ/feDQ==",
			"requires": {
				"loose-envify": "^1.3.1",
				"object-assign": "^4.1.1"
			}
		},
		"react-lifecycles-compat": {
			"version": "3.0.4",
			"resolved": "https://registry.npmjs.org/react-lifecycles-compat/-/react-lifecycles-compat-3.0.4.tgz",
			"integrity": "sha512-fBASbA6LnOU9dOU2eW7aQ8xmYBSXUIWr+UmF9b1efZBazGNO+rcXT/icdKnYm2pTwcRylVUYwW7H1PHfLekVzA=="
		},
		"react-modal": {
			"version": "3.8.1",
			"resolved": "https://registry.npmjs.org/react-modal/-/react-modal-3.8.1.tgz",
			"integrity": "sha512-aLKeZM9pgXpIKVwopRHMuvqKWiBajkqisDA8UzocdCF6S4fyKVfLWmZR5G1Q0ODBxxxxf2XIwiCP8G/11GJAuw==",
			"requires": {
				"exenv": "^1.2.0",
				"prop-types": "^15.5.10",
				"react-lifecycles-compat": "^3.0.0",
				"warning": "^3.0.0"
			}
		},
		"react-player": {
			"version": "1.8.0",
			"resolved": "https://registry.npmjs.org/react-player/-/react-player-1.8.0.tgz",
			"integrity": "sha512-DqIJvkL7itGLgs/8u+sgeD3DXq5kc/O6FsB6J9KEuoaiYiSKhluBRymZWIwfCuPNTdpPsA2roZ+NSCyLrHAA9g==",
			"requires": {
				"deepmerge": "^2.0.1",
				"load-script": "^1.0.0",
				"prop-types": "^15.5.6"
			}
		},
		"select": {
			"version": "1.1.2",
			"resolved": "https://registry.npmjs.org/select/-/select-1.1.2.tgz",
			"integrity": "sha1-DnNQrN7ICxEIUoeG7B1EGNEbOW0="
		},
		"tiny-emitter": {
			"version": "2.0.2",
			"resolved": "https://registry.npmjs.org/tiny-emitter/-/tiny-emitter-2.0.2.tgz",
			"integrity": "sha512-2NM0auVBGft5tee/OxP4PI3d8WItkDM+fPnaRAVo6xTDI2knbz9eC5ArWGqtGlYqiH3RU5yMpdyTTO7MguC4ow=="
		},
		"validator": {
			"version": "10.10.0",
			"resolved": "https://registry.npmjs.org/validator/-/validator-10.10.0.tgz",
			"integrity": "sha512-DyZyLJlMXM3CGdVaVHE/EDzCagMRoPI3mmGdxxNQbqkGqh56+M3d1i0ZAWd69En8U21DHbPTn12aOdhO+hfm5w=="
		},
		"warning": {
			"version": "3.0.0",
			"resolved": "https://registry.npmjs.org/warning/-/warning-3.0.0.tgz",
			"integrity": "sha1-MuU3fLVy3kqwR1O9+IIcAe1gW3w=",
			"requires": {
				"loose-envify": "^1.0.0"
			}
		}
	}
}
